// !$*UTF8*$!
{
	archiveVersion = 1;
	classes = {
	};
	objectVersion = 48;
	objects = {

/* Begin PBXBuildFile section */
		2FDEFCD32002210A0023BB23 /* String+Category.swift in Sources */ = {isa = PBXBuildFile; fileRef = 2FDEFCD22002210A0023BB23 /* String+Category.swift */; };
		DA3A1D8A2000697B00C16517 /* LXHFlowLayout.swift in Sources */ = {isa = PBXBuildFile; fileRef = DA3A1D892000697B00C16517 /* LXHFlowLayout.swift */; };
		DA43A7082000A24900CC81C6 /* LXHEmoAttachment.swift in Sources */ = {isa = PBXBuildFile; fileRef = DA43A7072000A24900CC81C6 /* LXHEmoAttachment.swift */; };
		DA43A70C2000AA7E00CC81C6 /* LXHEmoTextView.swift in Sources */ = {isa = PBXBuildFile; fileRef = DA43A70B2000AA7E00CC81C6 /* LXHEmoTextView.swift */; };
		DAD4E7281FFE19DF00AC3D76 /* AppDelegate.swift in Sources */ = {isa = PBXBuildFile; fileRef = DAD4E71D1FFE19DF00AC3D76 /* AppDelegate.swift */; };
		DAD4E7291FFE19DF00AC3D76 /* Assets.xcassets in Resources */ = {isa = PBXBuildFile; fileRef = DAD4E71E1FFE19DF00AC3D76 /* Assets.xcassets */; };
		DAD4E72A1FFE19DF00AC3D76 /* LaunchScreen.storyboard in Resources */ = {isa = PBXBuildFile; fileRef = DAD4E71F1FFE19DF00AC3D76 /* LaunchScreen.storyboard */; };
		DAD4E72B1FFE19DF00AC3D76 /* Main.storyboard in Resources */ = {isa = PBXBuildFile; fileRef = DAD4E7211FFE19DF00AC3D76 /* Main.storyboard */; };
		DAD4E72C1FFE19DF00AC3D76 /* Emoticons.bundle in Resources */ = {isa = PBXBuildFile; fileRef = DAD4E7241FFE19DF00AC3D76 /* Emoticons.bundle */; };
		DAD4E72D1FFE19DF00AC3D76 /* LXHEmoticonViewController.swift in Sources */ = {isa = PBXBuildFile; fileRef = DAD4E7251FFE19DF00AC3D76 /* LXHEmoticonViewController.swift */; };
		DAD4E72F1FFE19DF00AC3D76 /* ViewController.swift in Sources */ = {isa = PBXBuildFile; fileRef = DAD4E7271FFE19DF00AC3D76 /* ViewController.swift */; };
		DAD4E7311FFE210200AC3D76 /* LXHEmoticonPackage.swift in Sources */ = {isa = PBXBuildFile; fileRef = DAD4E7301FFE210200AC3D76 /* LXHEmoticonPackage.swift */; };
/* End PBXBuildFile section */

/* Begin PBXFileReference section */
		2FDEFCD22002210A0023BB23 /* String+Category.swift */ = {isa = PBXFileReference; lastKnownFileType = sourcecode.swift; path = "String+Category.swift"; sourceTree = "<group>"; };
		DA23CABB1FFDDCA400636084 /* keyboard.app */ = {isa = PBXFileReference; explicitFileType = wrapper.application; includeInIndex = 0; path = keyboard.app; sourceTree = BUILT_PRODUCTS_DIR; };
		DA3A1D892000697B00C16517 /* LXHFlowLayout.swift */ = {isa = PBXFileReference; fileEncoding = 4; lastKnownFileType = sourcecode.swift; path = LXHFlowLayout.swift; sourceTree = "<group>"; };
		DA43A7072000A24900CC81C6 /* LXHEmoAttachment.swift */ = {isa = PBXFileReference; lastKnownFileType = sourcecode.swift; path = LXHEmoAttachment.swift; sourceTree = "<group>"; };
		DA43A70B2000AA7E00CC81C6 /* LXHEmoTextView.swift */ = {isa = PBXFileReference; lastKnownFileType = sourcecode.swift; path = LXHEmoTextView.swift; sourceTree = "<group>"; };
		DAD4E71D1FFE19DF00AC3D76 /* AppDelegate.swift */ = {isa = PBXFileReference; fileEncoding = 4; lastKnownFileType = sourcecode.swift; path = AppDelegate.swift; sourceTree = "<group>"; };
		DAD4E71E1FFE19DF00AC3D76 /* Assets.xcassets */ = {isa = PBXFileReference; lastKnownFileType = folder.assetcatalog; path = Assets.xcassets; sourceTree = "<group>"; };
		DAD4E7201FFE19DF00AC3D76 /* Base */ = {isa = PBXFileReference; lastKnownFileType = file.storyboard; name = Base; path = Base.lproj/LaunchScreen.storyboard; sourceTree = "<group>"; };
		DAD4E7221FFE19DF00AC3D76 /* Base */ = {isa = PBXFileReference; lastKnownFileType = file.storyboard; name = Base; path = Base.lproj/Main.storyboard; sourceTree = "<group>"; };
		DAD4E7241FFE19DF00AC3D76 /* Emoticons.bundle */ = {isa = PBXFileReference; lastKnownFileType = "wrapper.plug-in"; path = Emoticons.bundle; sourceTree = "<group>"; };
		DAD4E7251FFE19DF00AC3D76 /* LXHEmoticonViewController.swift */ = {isa = PBXFileReference; fileEncoding = 4; lastKnownFileType = sourcecode.swift; path = LXHEmoticonViewController.swift; sourceTree = "<group>"; };
		DAD4E7261FFE19DF00AC3D76 /* Info.plist */ = {isa = PBXFileReference; fileEncoding = 4; lastKnownFileType = text.plist.xml; path = Info.plist; sourceTree = "<group>"; };
		DAD4E7271FFE19DF00AC3D76 /* ViewController.swift */ = {isa = PBXFileReference; fileEncoding = 4; lastKnownFileType = sourcecode.swift; path = ViewController.swift; sourceTree = "<group>"; };
		DAD4E7301FFE210200AC3D76 /* LXHEmoticonPackage.swift */ = {isa = PBXFileReference; lastKnownFileType = sourcecode.swift; path = LXHEmoticonPackage.swift; sourceTree = "<group>"; };
/* End PBXFileReference section */

/* Begin PBXFrameworksBuildPhase section */
		DA23CAB81FFDDCA400636084 /* Frameworks */ = {
			isa = PBXFrameworksBuildPhase;
			buildActionMask = 2147483647;
			files = (
			);
			runOnlyForDeploymentPostprocessing = 0;
		};
/* End PBXFrameworksBuildPhase section */

/* Begin PBXGroup section */
		DA23CAB21FFDDCA400636084 = {
			isa = PBXGroup;
			children = (
				DAD4E71C1FFE19DF00AC3D76 /* keyboard */,
				DA23CABC1FFDDCA400636084 /* Products */,
			);
			sourceTree = "<group>";
		};
		DA23CABC1FFDDCA400636084 /* Products */ = {
			isa = PBXGroup;
			children = (
				DA23CABB1FFDDCA400636084 /* keyboard.app */,
			);
			name = Products;
			sourceTree = "<group>";
		};
		DAD4E71C1FFE19DF00AC3D76 /* keyboard */ = {
			isa = PBXGroup;
			children = (
				DAD4E7231FFE19DF00AC3D76 /* EmoticonView */,
				DAD4E71D1FFE19DF00AC3D76 /* AppDelegate.swift */,
				DAD4E7271FFE19DF00AC3D76 /* ViewController.swift */,
				DAD4E71E1FFE19DF00AC3D76 /* Assets.xcassets */,
				DAD4E71F1FFE19DF00AC3D76 /* LaunchScreen.storyboard */,
				DAD4E7211FFE19DF00AC3D76 /* Main.storyboard */,
				DAD4E7261FFE19DF00AC3D76 /* Info.plist */,
			);
			path = keyboard;
			sourceTree = "<group>";
		};
		DAD4E7231FFE19DF00AC3D76 /* EmoticonView */ = {
			isa = PBXGroup;
			children = (
				DAD4E7251FFE19DF00AC3D76 /* LXHEmoticonViewController.swift */,
				DA3A1D892000697B00C16517 /* LXHFlowLayout.swift */,
				DAD4E7301FFE210200AC3D76 /* LXHEmoticonPackage.swift */,
				DA43A7072000A24900CC81C6 /* LXHEmoAttachment.swift */,
				DA43A70B2000AA7E00CC81C6 /* LXHEmoTextView.swift */,
				2FDEFCD22002210A0023BB23 /* String+Category.swift */,
				DAD4E7241FFE19DF00AC3D76 /* Emoticons.bundle */,
			);
			path = EmoticonView;
			sourceTree = "<group>";
		};
/* End PBXGroup section */

/* Begin PBXNativeTarget section */
		DA23CABA1FFDDCA400636084 /* keyboard */ = {
			isa = PBXNativeTarget;
			buildConfigurationList = DA23CACD1FFDDCA500636084 /* Build configuration list for PBXNativeTarget "keyboard" */;
			buildPhases = (
				DA23CAB71FFDDCA400636084 /* Sources */,
				DA23CAB81FFDDCA400636084 /* Frameworks */,
				DA23CAB91FFDDCA400636084 /* Resources */,
			);
			buildRules = (
			);
			dependencies = (
			);
			name = keyboard;
			productName = "键盘";
			productReference = DA23CABB1FFDDCA400636084 /* keyboard.app */;
			productType = "com.apple.product-type.application";
		};
/* End PBXNativeTarget section */

/* Begin PBXProject section */
		DA23CAB31FFDDCA400636084 /* Project object */ = {
			isa = PBXProject;
			attributes = {
				CLASSPREFIX = LXH;
				LastSwiftUpdateCheck = 0920;
				LastUpgradeCheck = 0920;
				ORGANIZATIONNAME = JinShiJinSheng;
				TargetAttributes = {
					DA23CABA1FFDDCA400636084 = {
						CreatedOnToolsVersion = 9.2;
						ProvisioningStyle = Automatic;
					};
				};
			};
			buildConfigurationList = DA23CAB61FFDDCA400636084 /* Build configuration list for PBXProject "keyboard" */;
			compatibilityVersion = "Xcode 8.0";
			developmentRegion = en;
			hasScannedForEncodings = 0;
			knownRegions = (
				en,
				Base,
			);
			mainGroup = DA23CAB21FFDDCA400636084;
			productRefGroup = DA23CABC1FFDDCA400636084 /* Products */;
			projectDirPath = "";
			projectRoot = "";
			targets = (
				DA23CABA1FFDDCA400636084 /* keyboard */,
			);
		};
/* End PBXProject section */

/* Begin PBXResourcesBuildPhase section */
		DA23CAB91FFDDCA400636084 /* Resources */ = {
			isa = PBXResourcesBuildPhase;
			buildActionMask = 2147483647;
			files = (
				DAD4E72B1FFE19DF00AC3D76 /* Main.storyboard in Resources */,
				DAD4E72C1FFE19DF00AC3D76 /* Emoticons.bundle in Resources */,
				DAD4E72A1FFE19DF00AC3D76 /* LaunchScreen.storyboard in Resources */,
				DAD4E7291FFE19DF00AC3D76 /* Assets.xcassets in Resources */,
			);
			runOnlyForDeploymentPostprocessing = 0;
		};
/* End PBXResourcesBuildPhase section */

/* Begin PBXSourcesBuildPhase section */
		DA23CAB71FFDDCA400636084 /* Sources */ = {
			isa = PBXSourcesBuildPhase;
			buildActionMask = 2147483647;
			files = (
				2FDEFCD32002210A0023BB23 /* String+Category.swift in Sources */,
				DA3A1D8A2000697B00C16517 /* LXHFlowLayout.swift in Sources */,
				DA43A7082000A24900CC81C6 /* LXHEmoAttachment.swift in Sources */,
				DAD4E72F1FFE19DF00AC3D76 /* ViewController.swift in Sources */,
				DA43A70C2000AA7E00CC81C6 /* LXHEmoTextView.swift in Sources */,
				DAD4E7311FFE210200AC3D76 /* LXHEmoticonPackage.swift in Sources */,
				DAD4E7281FFE19DF00AC3D76 /* AppDelegate.swift in Sources */,
				DAD4E72D1FFE19DF00AC3D76 /* LXHEmoticonViewController.swift in Sources */,
			);
			runOnlyForDeploymentPostprocessing = 0;
		};
/* End PBXSourcesBuildPhase section */

/* Begin PBXVariantGroup section */
		DAD4E71F1FFE19DF00AC3D76 /* LaunchScreen.storyboard */ = {
			isa = PBXVariantGroup;
			children = (
				DAD4E7201FFE19DF00AC3D76 /* Base */,
			);
			name = LaunchScreen.storyboard;
			sourceTree = "<group>";
		};
		DAD4E7211FFE19DF00AC3D76 /* Main.storyboard */ = {
			isa = PBXVariantGroup;
			children = (
				DAD4E7221FFE19DF00AC3D76 /* Base */,
			);
			name = Main.storyboard;
			sourceTree = "<group>";
		};
/* End PBXVariantGroup section */

/* Begin XCBuildConfiguration section */
		DA23CACB1FFDDCA500636084 /* Debug */ = {
			isa = XCBuildConfiguration;
			buildSettings = {
				ALWAYS_SEARCH_USER_PATHS = NO;
				CLANG_ANALYZER_NONNULL = YES;
				CLANG_ANALYZER_NUMBER_OBJECT_CONVERSION = YES_AGGRESSIVE;
				CLANG_CXX_LANGUAGE_STANDARD = "gnu++14";
				CLANG_CXX_LIBRARY = "libc++";
				CLANG_ENABLE_MODULES = YES;
				CLANG_ENABLE_OBJC_ARC = YES;
				CLANG_WARN_BLOCK_CAPTURE_AUTORELEASING = YES;
				CLANG_WARN_BOOL_CONVERSION = YES;
				CLANG_WARN_COMMA = YES;
				CLANG_WARN_CONSTANT_CONVERSION = YES;
				CLANG_WARN_DIRECT_OBJC_ISA_USAGE = YES_ERROR;
				CLANG_WARN_DOCUMENTATION_COMMENTS = YES;
				CLANG_WARN_EMPTY_BODY = YES;
				CLANG_WARN_ENUM_CONVERSION = YES;
				CLANG_WARN_INFINITE_RECURSION = YES;
				CLANG_WARN_INT_CONVERSION = YES;
				CLANG_WARN_NON_LITERAL_NULL_CONVERSION = YES;
				CLANG_WARN_OBJC_LITERAL_CONVERSION = YES;
				CLANG_WARN_OBJC_ROOT_CLASS = YES_ERROR;
				CLANG_WARN_RANGE_LOOP_ANALYSIS = YES;
				CLANG_WARN_STRICT_PROTOTYPES = YES;
				CLANG_WARN_SUSPICIOUS_MOVE = YES;
				CLANG_WARN_UNGUARDED_AVAILABILITY = YES_AGGRESSIVE;
				CLANG_WARN_UNREACHABLE_CODE = YES;
				CLANG_WARN__DUPLICATE_METHOD_MATCH = YES;
				CODE_SIGN_IDENTITY = "iPhone Developer";
				COPY_PHASE_STRIP = NO;
				DEBUG_INFORMATION_FORMAT = dwarf;
				ENABLE_STRICT_OBJC_MSGSEND = YES;
				ENABLE_TESTABILITY = YES;
				GCC_C_LANGUAGE_STANDARD = gnu11;
				GCC_DYNAMIC_NO_PIC = NO;
				GCC_NO_COMMON_BLOCKS = YES;
				GCC_OPTIMIZATION_LEVEL = 0;
				GCC_PREPROCESSOR_DEFINITIONS = (
					"DEBUG=1",
					"$(inherited)",
				);
				GCC_WARN_64_TO_32_BIT_CONVERSION = YES;
				GCC_WARN_ABOUT_RETURN_TYPE = YES_ERROR;
				GCC_WARN_UNDECLARED_SELECTOR = YES;
				GCC_WARN_UNINITIALIZED_AUTOS = YES_AGGRESSIVE;
				GCC_WARN_UNUSED_FUNCTION = YES;
				GCC_WARN_UNUSED_VARIABLE = YES;
				IPHONEOS_DEPLOYMENT_TARGET = 11.2;
				MTL_ENABLE_DEBUG_INFO = YES;
				ONLY_ACTIVE_ARCH = YES;
				SDKROOT = iphoneos;
				SWIFT_ACTIVE_COMPILATION_CONDITIONS = DEBUG;
				SWIFT_OPTIMIZATION_LEVEL = "-Onone";
			};
			name = Debug;
		};
		DA23CACC1FFDDCA500636084 /* Release */ = {
			isa = XCBuildConfiguration;
			buildSettings = {
				ALWAYS_SEARCH_USER_PATHS = NO;
				CLANG_ANALYZER_NONNULL = YES;
				CLANG_ANALYZER_NUMBER_OBJECT_CONVERSION = YES_AGGRESSIVE;
				CLANG_CXX_LANGUAGE_STANDARD = "gnu++14";
				CLANG_CXX_LIBRARY = "libc++";
				CLANG_ENABLE_MODULES = YES;
				CLANG_ENABLE_OBJC_ARC = YES;
				CLANG_WARN_BLOCK_CAPTURE_AUTORELEASING = YES;
				CLANG_WARN_BOOL_CONVERSION = YES;
				CLANG_WARN_COMMA = YES;
				CLANG_WARN_CONSTANT_CONVERSION = YES;
				CLANG_WARN_DIRECT_OBJC_ISA_USAGE = YES_ERROR;
				CLANG_WARN_DOCUMENTATION_COMMENTS = YES;
				CLANG_WARN_EMPTY_BODY = YES;
				CLANG_WARN_ENUM_CONVERSION = YES;
				CLANG_WARN_INFINITE_RECURSION = YES;
				CLANG_WARN_INT_CONVERSION = YES;
				CLANG_WARN_NON_LITERAL_NULL_CONVERSION = YES;
				CLANG_WARN_OBJC_LITERAL_CONVERSION = YES;
				CLANG_WARN_OBJC_ROOT_CLASS = YES_ERROR;
				CLANG_WARN_RANGE_LOOP_ANALYSIS = YES;
				CLANG_WARN_STRICT_PROTOTYPES = YES;
				CLANG_WARN_SUSPICIOUS_MOVE = YES;
				CLANG_WARN_UNGUARDED_AVAILABILITY = YES_AGGRESSIVE;
				CLANG_WARN_UNREACHABLE_CODE = YES;
				CLANG_WARN__DUPLICATE_METHOD_MATCH = YES;
				CODE_SIGN_IDENTITY = "iPhone Developer";
				COPY_PHASE_STRIP = NO;
				DEBUG_INFORMATION_FORMAT = "dwarf-with-dsym";
				ENABLE_NS_ASSERTIONS = NO;
				ENABLE_STRICT_OBJC_MSGSEND = YES;
				GCC_C_LANGUAGE_STANDARD = gnu11;
				GCC_NO_COMMON_BLOCKS = YES;
				GCC_WARN_64_TO_32_BIT_CONVERSION = YES;
				GCC_WARN_ABOUT_RETURN_TYPE = YES_ERROR;
				GCC_WARN_UNDECLARED_SELECTOR = YES;
				GCC_WARN_UNINITIALIZED_AUTOS = YES_AGGRESSIVE;
				GCC_WARN_UNUSED_FUNCTION = YES;
				GCC_WARN_UNUSED_VARIABLE = YES;
				IPHONEOS_DEPLOYMENT_TARGET = 11.2;
				MTL_ENABLE_DEBUG_INFO = NO;
				SDKROOT = iphoneos;
				SWIFT_OPTIMIZATION_LEVEL = "-Owholemodule";
				VALIDATE_PRODUCT = YES;
			};
			name = Release;
		};
		DA23CACE1FFDDCA500636084 /* Debug */ = {
			isa = XCBuildConfiguration;
			buildSettings = {
				ASSETCATALOG_COMPILER_APPICON_NAME = AppIcon;
				CODE_SIGN_STYLE = Automatic;
				DEVELOPMENT_TEAM = RZ3EN463SX;
				INFOPLIST_FILE = "$(SRCROOT)/keyboard/Info.plist";
				IPHONEOS_DEPLOYMENT_TARGET = 8.0;
				LD_RUNPATH_SEARCH_PATHS = "$(inherited) @executable_path/Frameworks";
				PRODUCT_BUNDLE_IDENTIFIER = "-0086.--";
				PRODUCT_NAME = "$(TARGET_NAME)";
				SWIFT_VERSION = 4.0;
				TARGETED_DEVICE_FAMILY = "1,2";
			};
			name = Debug;
		};
		DA23CACF1FFDDCA500636084 /* Release */ = {
			isa = XCBuildConfiguration;
			buildSettings = {
				ASSETCATALOG_COMPILER_APPICON_NAME = AppIcon;
				CODE_SIGN_STYLE = Automatic;
				DEVELOPMENT_TEAM = RZ3EN463SX;
				INFOPLIST_FILE = "$(SRCROOT)/keyboard/Info.plist";
				IPHONEOS_DEPLOYMENT_TARGET = 8.0;
				LD_RUNPATH_SEARCH_PATHS = "$(inherited) @executable_path/Frameworks";
				PRODUCT_BUNDLE_IDENTIFIER = "-0086.--";
				PRODUCT_NAME = "$(TARGET_NAME)";
				SWIFT_VERSION = 4.0;
				TARGETED_DEVICE_FAMILY = "1,2";
			};
			name = Release;
		};
/* End XCBuildConfiguration section */

/* Begin XCConfigurationList section */
		DA23CAB61FFDDCA400636084 /* Build configuration list for PBXProject "keyboard" */ = {
			isa = XCConfigurationList;
			buildConfigurations = (
				DA23CACB1FFDDCA500636084 /* Debug */,
				DA23CACC1FFDDCA500636084 /* Release */,
			);
			defaultConfigurationIsVisible = 0;
			defaultConfigurationName = Release;
		};
		DA23CACD1FFDDCA500636084 /* Build configuration list for PBXNativeTarget "keyboard" */ = {
			isa = XCConfigurationList;
			buildConfigurations = (
				DA23CACE1FFDDCA500636084 /* Debug */,
				DA23CACF1FFDDCA500636084 /* Release */,
			);
			defaultConfigurationIsVisible = 0;
			defaultConfigurationName = Release;
		};
/* End XCConfigurationList section */
	};
	rootObject = DA23CAB31FFDDCA400636084 /* Project object */;
}
